{
    "name": "@krans/docgen-example",
    "version": "0.0.6",
    "lockfileVersion": 2,
    "requires": true,
    "packages": {
        "": {
            "name": "@krans/docgen-example",
            "version": "0.0.4",
            "license": "ISC",
            "dependencies": {
                "slugify": "^1.5.3"
            }
        },
        "../docgen-jsdoc": {
            "name": "@pansarhq/docgen-jsdoc",
            "version": "0.0.2",
            "extraneous": true,
            "license": "ISC",
            "dependencies": {
                "doctrine": "^3.0.0",
                "jsdoc-parse": "^6.0.0"
            },
            "devDependencies": {
                "@types/doctrine": "^0.0.3"
            }
        },
        "../docgen-provider": {
            "name": "@pansarhq/docgen-provider",
            "version": "0.0.2",
            "extraneous": true,
            "license": "ISC"
        },
        "node_modules/slugify": {
            "version": "1.5.3",
            "resolved": "https://registry.npmjs.org/slugify/-/slugify-1.5.3.tgz",
            "integrity": "sha512-/HkjRdwPY3yHJReXu38NiusZw2+LLE2SrhkWJtmlPDB1fqFSvioYj62NkPcrKiNCgRLeGcGK7QBvr1iQwybeXw==",
            "engines": {
                "node": ">=8.0.0"
            }
        }
    },
    "dependencies": {
        "slugify": {
            "version": "1.5.3",
            "resolved": "https://registry.npmjs.org/slugify/-/slugify-1.5.3.tgz",
            "integrity": "sha512-/HkjRdwPY3yHJReXu38NiusZw2+LLE2SrhkWJtmlPDB1fqFSvioYj62NkPcrKiNCgRLeGcGK7QBvr1iQwybeXw=="
        }
    }
}
