{
	"name": "@kransio/docgen-jsdoc",
	"version": "0.0.3",
	"lockfileVersion": 2,
	"requires": true,
	"packages": {
		"": {
			"name": "@kransio/docgen-jsdoc",
			"version": "0.0.2",
			"license": "ISC",
			"dependencies": {
				"doctrine": "^3.0.0",
				"jsdoc-parse": "^6.0.0"
			},
			"devDependencies": {
				"@types/doctrine": "^0.0.3"
			}
		},
		"node_modules/@types/doctrine": {
			"version": "0.0.3",
			"resolved": "https://registry.npmjs.org/@types/doctrine/-/doctrine-0.0.3.tgz",
			"integrity": "sha1-6JLSk8ksnB0/mvcsFaVU+8fgiVo=",
			"dev": true
		},
		"node_modules/array-back": {
			"version": "5.0.0",
			"resolved": "https://registry.npmjs.org/array-back/-/array-back-5.0.0.tgz",
			"integrity": "sha512-kgVWwJReZWmVuWOQKEOohXKJX+nD02JAZ54D1RRWlv8L0NebauKAaFxACKzB74RTclt1+WNz5KHaLRDAPZbDEw==",
			"engines": {
				"node": ">=10"
			}
		},
		"node_modules/doctrine": {
			"version": "3.0.0",
			"resolved": "https://registry.npmjs.org/doctrine/-/doctrine-3.0.0.tgz",
			"integrity": "sha512-yS+Q5i3hBf7GBkd4KG8a7eBNNWNGLTaEwwYWUijIYM7zrlYDM0BFXHjjPWlWZ1Rg7UaddZeIDmi9jF3HmqiQ2w==",
			"dependencies": {
				"esutils": "^2.0.2"
			},
			"engines": {
				"node": ">=6.0.0"
			}
		},
		"node_modules/esutils": {
			"version": "2.0.3",
			"resolved": "https://registry.npmjs.org/esutils/-/esutils-2.0.3.tgz",
			"integrity": "sha512-kVscqXk4OCp68SZ0dkgEKVi6/8ij300KBWTJq32P/dYeWTSwK41WyTxalN1eRmA5Z9UU/LX9D7FWSmV9SAYx6g==",
			"engines": {
				"node": ">=0.10.0"
			}
		},
		"node_modules/jsdoc-parse": {
			"version": "6.0.0",
			"resolved": "https://registry.npmjs.org/jsdoc-parse/-/jsdoc-parse-6.0.0.tgz",
			"integrity": "sha512-35DhfCHL1bq5r0TvolhyyGhhoem700IfEvviL8I1t99Qxa3aSmWbBEpnvvouA7TyXlwxcQfSg75ryXW8Ppq7FA==",
			"dependencies": {
				"array-back": "^5.0.0",
				"lodash.omit": "^4.5.0",
				"lodash.pick": "^4.4.0",
				"reduce-extract": "^1.0.0",
				"sort-array": "^4.1.3",
				"test-value": "^3.0.0"
			},
			"engines": {
				"node": ">=14"
			}
		},
		"node_modules/lodash.omit": {
			"version": "4.5.0",
			"resolved": "https://registry.npmjs.org/lodash.omit/-/lodash.omit-4.5.0.tgz",
			"integrity": "sha1-brGa5aHuHdnfC5aeZs4Lf6MLXmA="
		},
		"node_modules/lodash.pick": {
			"version": "4.4.0",
			"resolved": "https://registry.npmjs.org/lodash.pick/-/lodash.pick-4.4.0.tgz",
			"integrity": "sha1-UvBWEP/53tQiYRRB7R/BI6AwAbM="
		},
		"node_modules/reduce-extract": {
			"version": "1.0.0",
			"resolved": "https://registry.npmjs.org/reduce-extract/-/reduce-extract-1.0.0.tgz",
			"integrity": "sha1-Z/I4W+2mUGG19fQxJmLosIDKFSU=",
			"dependencies": {
				"test-value": "^1.0.1"
			},
			"engines": {
				"node": ">=0.10.0"
			}
		},
		"node_modules/reduce-extract/node_modules/array-back": {
			"version": "1.0.4",
			"resolved": "https://registry.npmjs.org/array-back/-/array-back-1.0.4.tgz",
			"integrity": "sha1-ZEun8JX3/898Q7Xw3DnTwfA8Bjs=",
			"dependencies": {
				"typical": "^2.6.0"
			},
			"engines": {
				"node": ">=0.12.0"
			}
		},
		"node_modules/reduce-extract/node_modules/test-value": {
			"version": "1.1.0",
			"resolved": "https://registry.npmjs.org/test-value/-/test-value-1.1.0.tgz",
			"integrity": "sha1-oJE29y7AQ9J8iTcHwrFZv6196T8=",
			"dependencies": {
				"array-back": "^1.0.2",
				"typical": "^2.4.2"
			},
			"engines": {
				"node": ">=0.10.0"
			}
		},
		"node_modules/reduce-extract/node_modules/typical": {
			"version": "2.6.1",
			"resolved": "https://registry.npmjs.org/typical/-/typical-2.6.1.tgz",
			"integrity": "sha1-XAgOXWYcu+OCWdLnCjxyU+hziB0="
		},
		"node_modules/sort-array": {
			"version": "4.1.4",
			"resolved": "https://registry.npmjs.org/sort-array/-/sort-array-4.1.4.tgz",
			"integrity": "sha512-GVFN6Y1sHKrWaSYOJTk9093ZnrBMc9sP3nuhANU44S4xg3rE6W5Z5WyamuT8VpMBbssnetx5faKCua0LEmUnSw==",
			"dependencies": {
				"array-back": "^5.0.0",
				"typical": "^6.0.1"
			},
			"engines": {
				"node": ">=10"
			}
		},
		"node_modules/test-value": {
			"version": "3.0.0",
			"resolved": "https://registry.npmjs.org/test-value/-/test-value-3.0.0.tgz",
			"integrity": "sha512-sVACdAWcZkSU9x7AOmJo5TqE+GyNJknHaHsMrR6ZnhjVlVN9Yx6FjHrsKZ3BjIpPCT68zYesPWkakrNupwfOTQ==",
			"dependencies": {
				"array-back": "^2.0.0",
				"typical": "^2.6.1"
			},
			"engines": {
				"node": ">=4.0.0"
			}
		},
		"node_modules/test-value/node_modules/array-back": {
			"version": "2.0.0",
			"resolved": "https://registry.npmjs.org/array-back/-/array-back-2.0.0.tgz",
			"integrity": "sha512-eJv4pLLufP3g5kcZry0j6WXpIbzYw9GUB4mVJZno9wfwiBxbizTnHCw3VJb07cBihbFX48Y7oSrW9y+gt4glyw==",
			"dependencies": {
				"typical": "^2.6.1"
			},
			"engines": {
				"node": ">=4"
			}
		},
		"node_modules/test-value/node_modules/typical": {
			"version": "2.6.1",
			"resolved": "https://registry.npmjs.org/typical/-/typical-2.6.1.tgz",
			"integrity": "sha1-XAgOXWYcu+OCWdLnCjxyU+hziB0="
		},
		"node_modules/typical": {
			"version": "6.0.1",
			"resolved": "https://registry.npmjs.org/typical/-/typical-6.0.1.tgz",
			"integrity": "sha512-+g3NEp7fJLe9DPa1TArHm9QAA7YciZmWnfAqEaFrBihQ7epOv9i99rjtgb6Iz0wh3WuQDjsCTDfgRoGnmHN81A==",
			"engines": {
				"node": ">=10"
			}
		}
	},
	"dependencies": {
		"@types/doctrine": {
			"version": "0.0.3",
			"resolved": "https://registry.npmjs.org/@types/doctrine/-/doctrine-0.0.3.tgz",
			"integrity": "sha1-6JLSk8ksnB0/mvcsFaVU+8fgiVo=",
			"dev": true
		},
		"array-back": {
			"version": "5.0.0",
			"resolved": "https://registry.npmjs.org/array-back/-/array-back-5.0.0.tgz",
			"integrity": "sha512-kgVWwJReZWmVuWOQKEOohXKJX+nD02JAZ54D1RRWlv8L0NebauKAaFxACKzB74RTclt1+WNz5KHaLRDAPZbDEw=="
		},
		"doctrine": {
			"version": "3.0.0",
			"resolved": "https://registry.npmjs.org/doctrine/-/doctrine-3.0.0.tgz",
			"integrity": "sha512-yS+Q5i3hBf7GBkd4KG8a7eBNNWNGLTaEwwYWUijIYM7zrlYDM0BFXHjjPWlWZ1Rg7UaddZeIDmi9jF3HmqiQ2w==",
			"requires": {
				"esutils": "^2.0.2"
			}
		},
		"esutils": {
			"version": "2.0.3",
			"resolved": "https://registry.npmjs.org/esutils/-/esutils-2.0.3.tgz",
			"integrity": "sha512-kVscqXk4OCp68SZ0dkgEKVi6/8ij300KBWTJq32P/dYeWTSwK41WyTxalN1eRmA5Z9UU/LX9D7FWSmV9SAYx6g=="
		},
		"jsdoc-parse": {
			"version": "6.0.0",
			"resolved": "https://registry.npmjs.org/jsdoc-parse/-/jsdoc-parse-6.0.0.tgz",
			"integrity": "sha512-35DhfCHL1bq5r0TvolhyyGhhoem700IfEvviL8I1t99Qxa3aSmWbBEpnvvouA7TyXlwxcQfSg75ryXW8Ppq7FA==",
			"requires": {
				"array-back": "^5.0.0",
				"lodash.omit": "^4.5.0",
				"lodash.pick": "^4.4.0",
				"reduce-extract": "^1.0.0",
				"sort-array": "^4.1.3",
				"test-value": "^3.0.0"
			}
		},
		"lodash.omit": {
			"version": "4.5.0",
			"resolved": "https://registry.npmjs.org/lodash.omit/-/lodash.omit-4.5.0.tgz",
			"integrity": "sha1-brGa5aHuHdnfC5aeZs4Lf6MLXmA="
		},
		"lodash.pick": {
			"version": "4.4.0",
			"resolved": "https://registry.npmjs.org/lodash.pick/-/lodash.pick-4.4.0.tgz",
			"integrity": "sha1-UvBWEP/53tQiYRRB7R/BI6AwAbM="
		},
		"reduce-extract": {
			"version": "1.0.0",
			"resolved": "https://registry.npmjs.org/reduce-extract/-/reduce-extract-1.0.0.tgz",
			"integrity": "sha1-Z/I4W+2mUGG19fQxJmLosIDKFSU=",
			"requires": {
				"test-value": "^1.0.1"
			},
			"dependencies": {
				"array-back": {
					"version": "1.0.4",
					"resolved": "https://registry.npmjs.org/array-back/-/array-back-1.0.4.tgz",
					"integrity": "sha1-ZEun8JX3/898Q7Xw3DnTwfA8Bjs=",
					"requires": {
						"typical": "^2.6.0"
					}
				},
				"test-value": {
					"version": "1.1.0",
					"resolved": "https://registry.npmjs.org/test-value/-/test-value-1.1.0.tgz",
					"integrity": "sha1-oJE29y7AQ9J8iTcHwrFZv6196T8=",
					"requires": {
						"array-back": "^1.0.2",
						"typical": "^2.4.2"
					}
				},
				"typical": {
					"version": "2.6.1",
					"resolved": "https://registry.npmjs.org/typical/-/typical-2.6.1.tgz",
					"integrity": "sha1-XAgOXWYcu+OCWdLnCjxyU+hziB0="
				}
			}
		},
		"sort-array": {
			"version": "4.1.4",
			"resolved": "https://registry.npmjs.org/sort-array/-/sort-array-4.1.4.tgz",
			"integrity": "sha512-GVFN6Y1sHKrWaSYOJTk9093ZnrBMc9sP3nuhANU44S4xg3rE6W5Z5WyamuT8VpMBbssnetx5faKCua0LEmUnSw==",
			"requires": {
				"array-back": "^5.0.0",
				"typical": "^6.0.1"
			}
		},
		"test-value": {
			"version": "3.0.0",
			"resolved": "https://registry.npmjs.org/test-value/-/test-value-3.0.0.tgz",
			"integrity": "sha512-sVACdAWcZkSU9x7AOmJo5TqE+GyNJknHaHsMrR6ZnhjVlVN9Yx6FjHrsKZ3BjIpPCT68zYesPWkakrNupwfOTQ==",
			"requires": {
				"array-back": "^2.0.0",
				"typical": "^2.6.1"
			},
			"dependencies": {
				"array-back": {
					"version": "2.0.0",
					"resolved": "https://registry.npmjs.org/array-back/-/array-back-2.0.0.tgz",
					"integrity": "sha512-eJv4pLLufP3g5kcZry0j6WXpIbzYw9GUB4mVJZno9wfwiBxbizTnHCw3VJb07cBihbFX48Y7oSrW9y+gt4glyw==",
					"requires": {
						"typical": "^2.6.1"
					}
				},
				"typical": {
					"version": "2.6.1",
					"resolved": "https://registry.npmjs.org/typical/-/typical-2.6.1.tgz",
					"integrity": "sha1-XAgOXWYcu+OCWdLnCjxyU+hziB0="
				}
			}
		},
		"typical": {
			"version": "6.0.1",
			"resolved": "https://registry.npmjs.org/typical/-/typical-6.0.1.tgz",
			"integrity": "sha512-+g3NEp7fJLe9DPa1TArHm9QAA7YciZmWnfAqEaFrBihQ7epOv9i99rjtgb6Iz0wh3WuQDjsCTDfgRoGnmHN81A=="
		}
	}
}
